
Microsoft Visual Studio Solution File, Format Version 12.00
# Visual Studio Version 17
VisualStudioVersion = 17.5.33530.505
MinimumVisualStudioVersion = 10.0.40219.1
Project("{9A19103F-16F7-4668-BE54-9A1E7A4F7556}") = "RemoteGoogleTestAdapter", "src\RemoteGoogleTestAdapter\RemoteGoogleTestAdapter.csproj", "{542A3AA1-8975-4B84-83C5-BCA75DE3FB25}"
EndProject
Project("{9A19103F-16F7-4668-BE54-9A1E7A4F7556}") = "GTestAdapter.Core", "src\GTestAdapter.Core\GTestAdapter.Core.csproj", "{1562EF7F-6DF9-40E7-A9D2-F513CDE64133}"
EndProject
Project("{9A19103F-16F7-4668-BE54-9A1E7A4F7556}") = "Sodiware.Unix.DebugLibrary", "..\..\NetLogon\src\Framework\src\Unix\Sodiware.Unix.DebugLibrary\Sodiware.Unix.DebugLibrary.csproj", "{54B7EBA3-9845-4D43-BA1F-FD4C9B1DA8F5}"
EndProject
Project("{9A19103F-16F7-4668-BE54-9A1E7A4F7556}") = "Sodiware.Unix", "..\..\NetLogon\src\Framework\src\Unix\Sodiware.Unix\Sodiware.Unix.csproj", "{D073E312-9775-4F08-BA44-693A4103A0CC}"
EndProject
Project("{9A19103F-16F7-4668-BE54-9A1E7A4F7556}") = "Sodiware", "..\..\NetLogon\src\Framework\src\Core\Sodiware\Sodiware.csproj", "{A05A5709-833E-48D8-894D-F7DA7260FAAA}"
EndProject
Project("{2150E333-8FDC-42A3-9474-1A3956D46DE8}") = "External", "External", "{77558905-E5DC-4419-A551-012657A5976A}"
EndProject
Project("{9A19103F-16F7-4668-BE54-9A1E7A4F7556}") = "LibObjectFile.CodeGen", "..\..\..\External\LibObjectFile\src\LibObjectFile.CodeGen\LibObjectFile.CodeGen.csproj", "{007460A4-AF7D-4AC0-AF26-11089F4C3FDB}"
EndProject
Project("{2150E333-8FDC-42A3-9474-1A3956D46DE8}") = "Tests", "Tests", "{9DDB019E-2260-4D42-93FD-95C13EDDB725}"
EndProject
Project("{9A19103F-16F7-4668-BE54-9A1E7A4F7556}") = "DebugLibrary.Utils", "..\..\NetLogon\src\Framework\src\Unix\Tests\DebugLibrary.Utils\DebugLibrary.Utils.csproj", "{7CF6F543-4E45-4A1C-8DCD-4D8823339F4F}"
EndProject
Project("{9A19103F-16F7-4668-BE54-9A1E7A4F7556}") = "DebugLibrary.Tests", "..\..\NetLogon\src\Framework\src\Unix\Tests\DebugLibrary.Tests\DebugLibrary.Tests.csproj", "{CB4277F6-C979-4486-AED2-F8C51AE13FE4}"
EndProject
Project("{9A19103F-16F7-4668-BE54-9A1E7A4F7556}") = "DebugLibrary.Benchmarks", "..\..\NetLogon\src\Framework\src\Unix\Tests\DebugLibrary.Benchmarks\DebugLibrary.Benchmarks.csproj", "{C324865F-05F7-4C7B-9110-95785E53287D}"
EndProject
Project("{9A19103F-16F7-4668-BE54-9A1E7A4F7556}") = "GTestAdapter.Core.Tests", "src\Tests\GTestAdapter.Core.Tests\GTestAdapter.Core.Tests.csproj", "{6161E467-42D5-42CF-9CB7-3577A2EFB6E1}"
EndProject
Project("{8BC9CEB8-8B4A-11D0-8D11-00A0C91BC942}") = "SimpleTestProject", "TestProjects\SimpleTestProject\SimpleTestProject.vcxproj", "{93C9B5BC-E019-4E1E-BA35-58F03BCC9C00}"
EndProject
Project("{FAE04EC0-301F-11D3-BF4B-00C04F79EFBC}") = "Core", "third-party\GoogleTestAdapter\GoogleTestAdapter\Core\Core.csproj", "{7F4372DA-70E2-48D0-BEE2-8043528428D0}"
EndProject
Project("{FAE04EC0-301F-11D3-BF4B-00C04F79EFBC}") = "Common", "third-party\GoogleTestAdapter\GoogleTestAdapter\Common\Common.csproj", "{BC05D210-68CD-47D0-AE8C-0F3168D1BE73}"
EndProject
Project("{FAE04EC0-301F-11D3-BF4B-00C04F79EFBC}") = "DiaResolver", "third-party\GoogleTestAdapter\GoogleTestAdapter\DiaResolver\DiaResolver.csproj", "{FDC95D92-5E1E-4BDF-AA35-181851FCE755}"
EndProject
Project("{8BC9CEB8-8B4A-11D0-8D11-00A0C91BC942}") = "LocalTestProject", "TestProjects\LocalTestProject\LocalTestProject.vcxproj", "{3296C843-4852-4DBF-9DF9-247F60C0ACF2}"
EndProject
Project("{8BC9CEB8-8B4A-11D0-8D11-00A0C91BC942}") = "SimpleTestProject.Shared", "TestProjects\SimpleTestProject.Shared\SimpleTestProject.Shared.vcxitems", "{9FDB42F0-D3CF-4BA2-999D-020EB884CFB1}"
EndProject
Project("{2150E333-8FDC-42A3-9474-1A3956D46DE8}") = "TestProjects", "TestProjects", "{0BF0D774-F4A0-45A4-B7F3-D94901F88CB3}"
EndProject
Project("{2150E333-8FDC-42A3-9474-1A3956D46DE8}") = "VsPackage", "VsPackage", "{E4ED0965-8F87-447C-ACD5-477450534456}"
EndProject
Project("{FAE04EC0-301F-11D3-BF4B-00C04F79EFBC}") = "VsPackage", "src\VisualStudio\VsPackage\VsPackage.csproj", "{6A803355-A7CF-4A26-A72B-B6BF65A37201}"
EndProject
Project("{9A19103F-16F7-4668-BE54-9A1E7A4F7556}") = "VsPackage.Debugger", "src\VisualStudio\VsPackage.Debugger\VsPackage.Debugger.csproj", "{2059F11C-55A6-4E7D-BF26-169B8E29974E}"
EndProject
Project("{9A19103F-16F7-4668-BE54-9A1E7A4F7556}") = "GTestAdapter.Common", "src\GTestAdapter.Common\GTestAdapter.Common.csproj", "{AC570F55-00B0-4064-BEAD-A047A2866E41}"
EndProject
Project("{9A19103F-16F7-4668-BE54-9A1E7A4F7556}") = "Sodiware.VisualStudio", "..\VsSdk\src\Sodiware.VisualStudio\Sodiware.VisualStudio.csproj", "{0D478200-6334-4213-A41C-7A560166A1FF}"
EndProject
Project("{2150E333-8FDC-42A3-9474-1A3956D46DE8}") = "Dwarf", "Dwarf", "{126B5913-B1C7-4DD3-8000-BE8B35D58E88}"
EndProject
Project("{2150E333-8FDC-42A3-9474-1A3956D46DE8}") = "Framework", "Framework", "{4E14DD5C-1A5D-453B-91D2-4CAFF1F25285}"
EndProject
Project("{2150E333-8FDC-42A3-9474-1A3956D46DE8}") = "GTA", "GTA", "{B51C94EC-C90C-4200-9470-F9EC7BAA5DC9}"
EndProject
Project("{9A19103F-16F7-4668-BE54-9A1E7A4F7556}") = "Sodiware.VisualStudio.Unix", "..\VsSdk\src\Sodiware.VisualStudio.Unix\Sodiware.VisualStudio.Unix.csproj", "{6B726236-57EA-4793-864E-35733918F013}"
EndProject
Project("{9A19103F-16F7-4668-BE54-9A1E7A4F7556}") = "Sodiware.VisualStudio.Unix.Core", "..\VsSdk\src\Sodiware.VisualStudio.Unix.Core\Sodiware.VisualStudio.Unix.Core.csproj", "{8C119D89-53CE-424A-A148-2B005C406EC9}"
EndProject
Project("{2150E333-8FDC-42A3-9474-1A3956D46DE8}") = "Solution Items", "Solution Items", "{CC753C90-8CA1-4E44-9E58-F3DF36F57445}"
EndProject
Global
	GlobalSection(SolutionConfigurationPlatforms) = preSolution
		Debug|Any CPU = Debug|Any CPU
		Debug|arm64 = Debug|arm64
		Debug|x86 = Debug|x86
		Lab.Debug|Any CPU = Lab.Debug|Any CPU
		Lab.Debug|arm64 = Lab.Debug|arm64
		Lab.Debug|x86 = Lab.Debug|x86
		Lab.Release|Any CPU = Lab.Release|Any CPU
		Lab.Release|arm64 = Lab.Release|arm64
		Lab.Release|x86 = Lab.Release|x86
		Release|Any CPU = Release|Any CPU
		Release|arm64 = Release|arm64
		Release|x86 = Release|x86
	EndGlobalSection
	GlobalSection(ProjectConfigurationPlatforms) = postSolution
		{542A3AA1-8975-4B84-83C5-BCA75DE3FB25}.Debug|Any CPU.ActiveCfg = Debug|Any CPU
		{542A3AA1-8975-4B84-83C5-BCA75DE3FB25}.Debug|Any CPU.Build.0 = Debug|Any CPU
		{542A3AA1-8975-4B84-83C5-BCA75DE3FB25}.Debug|arm64.ActiveCfg = Debug|Any CPU
		{542A3AA1-8975-4B84-83C5-BCA75DE3FB25}.Debug|arm64.Build.0 = Debug|Any CPU
		{542A3AA1-8975-4B84-83C5-BCA75DE3FB25}.Debug|x86.ActiveCfg = Debug|Any CPU
		{542A3AA1-8975-4B84-83C5-BCA75DE3FB25}.Debug|x86.Build.0 = Debug|Any CPU
		{542A3AA1-8975-4B84-83C5-BCA75DE3FB25}.Lab.Debug|Any CPU.ActiveCfg = Debug|Any CPU
		{542A3AA1-8975-4B84-83C5-BCA75DE3FB25}.Lab.Debug|Any CPU.Build.0 = Debug|Any CPU
		{542A3AA1-8975-4B84-83C5-BCA75DE3FB25}.Lab.Debug|arm64.ActiveCfg = Debug|Any CPU
		{542A3AA1-8975-4B84-83C5-BCA75DE3FB25}.Lab.Debug|arm64.Build.0 = Debug|Any CPU
		{542A3AA1-8975-4B84-83C5-BCA75DE3FB25}.Lab.Debug|x86.ActiveCfg = Debug|Any CPU
		{542A3AA1-8975-4B84-83C5-BCA75DE3FB25}.Lab.Debug|x86.Build.0 = Debug|Any CPU
		{542A3AA1-8975-4B84-83C5-BCA75DE3FB25}.Lab.Release|Any CPU.ActiveCfg = Release|Any CPU
		{542A3AA1-8975-4B84-83C5-BCA75DE3FB25}.Lab.Release|Any CPU.Build.0 = Release|Any CPU
		{542A3AA1-8975-4B84-83C5-BCA75DE3FB25}.Lab.Release|arm64.ActiveCfg = Release|Any CPU
		{542A3AA1-8975-4B84-83C5-BCA75DE3FB25}.Lab.Release|arm64.Build.0 = Release|Any CPU
		{542A3AA1-8975-4B84-83C5-BCA75DE3FB25}.Lab.Release|x86.ActiveCfg = Release|Any CPU
		{542A3AA1-8975-4B84-83C5-BCA75DE3FB25}.Lab.Release|x86.Build.0 = Release|Any CPU
		{542A3AA1-8975-4B84-83C5-BCA75DE3FB25}.Release|Any CPU.ActiveCfg = Release|Any CPU
		{542A3AA1-8975-4B84-83C5-BCA75DE3FB25}.Release|Any CPU.Build.0 = Release|Any CPU
		{542A3AA1-8975-4B84-83C5-BCA75DE3FB25}.Release|arm64.ActiveCfg = Release|Any CPU
		{542A3AA1-8975-4B84-83C5-BCA75DE3FB25}.Release|arm64.Build.0 = Release|Any CPU
		{542A3AA1-8975-4B84-83C5-BCA75DE3FB25}.Release|x86.ActiveCfg = Release|Any CPU
		{542A3AA1-8975-4B84-83C5-BCA75DE3FB25}.Release|x86.Build.0 = Release|Any CPU
		{1562EF7F-6DF9-40E7-A9D2-F513CDE64133}.Debug|Any CPU.ActiveCfg = Debug|Any CPU
		{1562EF7F-6DF9-40E7-A9D2-F513CDE64133}.Debug|Any CPU.Build.0 = Debug|Any CPU
		{1562EF7F-6DF9-40E7-A9D2-F513CDE64133}.Debug|arm64.ActiveCfg = Debug|Any CPU
		{1562EF7F-6DF9-40E7-A9D2-F513CDE64133}.Debug|arm64.Build.0 = Debug|Any CPU
		{1562EF7F-6DF9-40E7-A9D2-F513CDE64133}.Debug|x86.ActiveCfg = Debug|Any CPU
		{1562EF7F-6DF9-40E7-A9D2-F513CDE64133}.Debug|x86.Build.0 = Debug|Any CPU
		{1562EF7F-6DF9-40E7-A9D2-F513CDE64133}.Lab.Debug|Any CPU.ActiveCfg = Debug|Any CPU
		{1562EF7F-6DF9-40E7-A9D2-F513CDE64133}.Lab.Debug|Any CPU.Build.0 = Debug|Any CPU
		{1562EF7F-6DF9-40E7-A9D2-F513CDE64133}.Lab.Debug|arm64.ActiveCfg = Debug|Any CPU
		{1562EF7F-6DF9-40E7-A9D2-F513CDE64133}.Lab.Debug|arm64.Build.0 = Debug|Any CPU
		{1562EF7F-6DF9-40E7-A9D2-F513CDE64133}.Lab.Debug|x86.ActiveCfg = Debug|Any CPU
		{1562EF7F-6DF9-40E7-A9D2-F513CDE64133}.Lab.Debug|x86.Build.0 = Debug|Any CPU
		{1562EF7F-6DF9-40E7-A9D2-F513CDE64133}.Lab.Release|Any CPU.ActiveCfg = Release|Any CPU
		{1562EF7F-6DF9-40E7-A9D2-F513CDE64133}.Lab.Release|Any CPU.Build.0 = Release|Any CPU
		{1562EF7F-6DF9-40E7-A9D2-F513CDE64133}.Lab.Release|arm64.ActiveCfg = Release|Any CPU
		{1562EF7F-6DF9-40E7-A9D2-F513CDE64133}.Lab.Release|arm64.Build.0 = Release|Any CPU
		{1562EF7F-6DF9-40E7-A9D2-F513CDE64133}.Lab.Release|x86.ActiveCfg = Release|Any CPU
		{1562EF7F-6DF9-40E7-A9D2-F513CDE64133}.Lab.Release|x86.Build.0 = Release|Any CPU
		{1562EF7F-6DF9-40E7-A9D2-F513CDE64133}.Release|Any CPU.ActiveCfg = Release|Any CPU
		{1562EF7F-6DF9-40E7-A9D2-F513CDE64133}.Release|Any CPU.Build.0 = Release|Any CPU
		{1562EF7F-6DF9-40E7-A9D2-F513CDE64133}.Release|arm64.ActiveCfg = Release|Any CPU
		{1562EF7F-6DF9-40E7-A9D2-F513CDE64133}.Release|arm64.Build.0 = Release|Any CPU
		{1562EF7F-6DF9-40E7-A9D2-F513CDE64133}.Release|x86.ActiveCfg = Release|Any CPU
		{1562EF7F-6DF9-40E7-A9D2-F513CDE64133}.Release|x86.Build.0 = Release|Any CPU
		{54B7EBA3-9845-4D43-BA1F-FD4C9B1DA8F5}.Debug|Any CPU.ActiveCfg = Debug|Any CPU
		{54B7EBA3-9845-4D43-BA1F-FD4C9B1DA8F5}.Debug|Any CPU.Build.0 = Debug|Any CPU
		{54B7EBA3-9845-4D43-BA1F-FD4C9B1DA8F5}.Debug|arm64.ActiveCfg = Debug|Any CPU
		{54B7EBA3-9845-4D43-BA1F-FD4C9B1DA8F5}.Debug|arm64.Build.0 = Debug|Any CPU
		{54B7EBA3-9845-4D43-BA1F-FD4C9B1DA8F5}.Debug|x86.ActiveCfg = Debug|Any CPU
		{54B7EBA3-9845-4D43-BA1F-FD4C9B1DA8F5}.Debug|x86.Build.0 = Debug|Any CPU
		{54B7EBA3-9845-4D43-BA1F-FD4C9B1DA8F5}.Lab.Debug|Any CPU.ActiveCfg = Debug|Any CPU
		{54B7EBA3-9845-4D43-BA1F-FD4C9B1DA8F5}.Lab.Debug|Any CPU.Build.0 = Debug|Any CPU
		{54B7EBA3-9845-4D43-BA1F-FD4C9B1DA8F5}.Lab.Debug|arm64.ActiveCfg = Debug|Any CPU
		{54B7EBA3-9845-4D43-BA1F-FD4C9B1DA8F5}.Lab.Debug|arm64.Build.0 = Debug|Any CPU
		{54B7EBA3-9845-4D43-BA1F-FD4C9B1DA8F5}.Lab.Debug|x86.ActiveCfg = Debug|Any CPU
		{54B7EBA3-9845-4D43-BA1F-FD4C9B1DA8F5}.Lab.Debug|x86.Build.0 = Debug|Any CPU
		{54B7EBA3-9845-4D43-BA1F-FD4C9B1DA8F5}.Lab.Release|Any CPU.ActiveCfg = Release|Any CPU
		{54B7EBA3-9845-4D43-BA1F-FD4C9B1DA8F5}.Lab.Release|Any CPU.Build.0 = Release|Any CPU
		{54B7EBA3-9845-4D43-BA1F-FD4C9B1DA8F5}.Lab.Release|arm64.ActiveCfg = Release|Any CPU
		{54B7EBA3-9845-4D43-BA1F-FD4C9B1DA8F5}.Lab.Release|arm64.Build.0 = Release|Any CPU
		{54B7EBA3-9845-4D43-BA1F-FD4C9B1DA8F5}.Lab.Release|x86.ActiveCfg = Release|Any CPU
		{54B7EBA3-9845-4D43-BA1F-FD4C9B1DA8F5}.Lab.Release|x86.Build.0 = Release|Any CPU
		{54B7EBA3-9845-4D43-BA1F-FD4C9B1DA8F5}.Release|Any CPU.ActiveCfg = Release|Any CPU
		{54B7EBA3-9845-4D43-BA1F-FD4C9B1DA8F5}.Release|Any CPU.Build.0 = Release|Any CPU
		{54B7EBA3-9845-4D43-BA1F-FD4C9B1DA8F5}.Release|arm64.ActiveCfg = Release|Any CPU
		{54B7EBA3-9845-4D43-BA1F-FD4C9B1DA8F5}.Release|arm64.Build.0 = Release|Any CPU
		{54B7EBA3-9845-4D43-BA1F-FD4C9B1DA8F5}.Release|x86.ActiveCfg = Release|Any CPU
		{54B7EBA3-9845-4D43-BA1F-FD4C9B1DA8F5}.Release|x86.Build.0 = Release|Any CPU
		{D073E312-9775-4F08-BA44-693A4103A0CC}.Debug|Any CPU.ActiveCfg = Debug|Any CPU
		{D073E312-9775-4F08-BA44-693A4103A0CC}.Debug|Any CPU.Build.0 = Debug|Any CPU
		{D073E312-9775-4F08-BA44-693A4103A0CC}.Debug|arm64.ActiveCfg = Debug|Any CPU
		{D073E312-9775-4F08-BA44-693A4103A0CC}.Debug|arm64.Build.0 = Debug|Any CPU
		{D073E312-9775-4F08-BA44-693A4103A0CC}.Debug|x86.ActiveCfg = Debug|Any CPU
		{D073E312-9775-4F08-BA44-693A4103A0CC}.Debug|x86.Build.0 = Debug|Any CPU
		{D073E312-9775-4F08-BA44-693A4103A0CC}.Lab.Debug|Any CPU.ActiveCfg = Debug|Any CPU
		{D073E312-9775-4F08-BA44-693A4103A0CC}.Lab.Debug|Any CPU.Build.0 = Debug|Any CPU
		{D073E312-9775-4F08-BA44-693A4103A0CC}.Lab.Debug|arm64.ActiveCfg = Debug|Any CPU
		{D073E312-9775-4F08-BA44-693A4103A0CC}.Lab.Debug|arm64.Build.0 = Debug|Any CPU
		{D073E312-9775-4F08-BA44-693A4103A0CC}.Lab.Debug|x86.ActiveCfg = Debug|Any CPU
		{D073E312-9775-4F08-BA44-693A4103A0CC}.Lab.Debug|x86.Build.0 = Debug|Any CPU
		{D073E312-9775-4F08-BA44-693A4103A0CC}.Lab.Release|Any CPU.ActiveCfg = Release|Any CPU
		{D073E312-9775-4F08-BA44-693A4103A0CC}.Lab.Release|Any CPU.Build.0 = Release|Any CPU
		{D073E312-9775-4F08-BA44-693A4103A0CC}.Lab.Release|arm64.ActiveCfg = Release|Any CPU
		{D073E312-9775-4F08-BA44-693A4103A0CC}.Lab.Release|arm64.Build.0 = Release|Any CPU
		{D073E312-9775-4F08-BA44-693A4103A0CC}.Lab.Release|x86.ActiveCfg = Release|Any CPU
		{D073E312-9775-4F08-BA44-693A4103A0CC}.Lab.Release|x86.Build.0 = Release|Any CPU
		{D073E312-9775-4F08-BA44-693A4103A0CC}.Release|Any CPU.ActiveCfg = Release|Any CPU
		{D073E312-9775-4F08-BA44-693A4103A0CC}.Release|Any CPU.Build.0 = Release|Any CPU
		{D073E312-9775-4F08-BA44-693A4103A0CC}.Release|arm64.ActiveCfg = Release|Any CPU
		{D073E312-9775-4F08-BA44-693A4103A0CC}.Release|arm64.Build.0 = Release|Any CPU
		{D073E312-9775-4F08-BA44-693A4103A0CC}.Release|x86.ActiveCfg = Release|Any CPU
		{D073E312-9775-4F08-BA44-693A4103A0CC}.Release|x86.Build.0 = Release|Any CPU
		{A05A5709-833E-48D8-894D-F7DA7260FAAA}.Debug|Any CPU.ActiveCfg = Debug|Any CPU
		{A05A5709-833E-48D8-894D-F7DA7260FAAA}.Debug|Any CPU.Build.0 = Debug|Any CPU
		{A05A5709-833E-48D8-894D-F7DA7260FAAA}.Debug|arm64.ActiveCfg = Debug|Any CPU
		{A05A5709-833E-48D8-894D-F7DA7260FAAA}.Debug|arm64.Build.0 = Debug|Any CPU
		{A05A5709-833E-48D8-894D-F7DA7260FAAA}.Debug|x86.ActiveCfg = Debug|Any CPU
		{A05A5709-833E-48D8-894D-F7DA7260FAAA}.Debug|x86.Build.0 = Debug|Any CPU
		{A05A5709-833E-48D8-894D-F7DA7260FAAA}.Lab.Debug|Any CPU.ActiveCfg = Debug|Any CPU
		{A05A5709-833E-48D8-894D-F7DA7260FAAA}.Lab.Debug|Any CPU.Build.0 = Debug|Any CPU
		{A05A5709-833E-48D8-894D-F7DA7260FAAA}.Lab.Debug|arm64.ActiveCfg = Debug|Any CPU
		{A05A5709-833E-48D8-894D-F7DA7260FAAA}.Lab.Debug|arm64.Build.0 = Debug|Any CPU
		{A05A5709-833E-48D8-894D-F7DA7260FAAA}.Lab.Debug|x86.ActiveCfg = Debug|Any CPU
		{A05A5709-833E-48D8-894D-F7DA7260FAAA}.Lab.Debug|x86.Build.0 = Debug|Any CPU
		{A05A5709-833E-48D8-894D-F7DA7260FAAA}.Lab.Release|Any CPU.ActiveCfg = Release|Any CPU
		{A05A5709-833E-48D8-894D-F7DA7260FAAA}.Lab.Release|Any CPU.Build.0 = Release|Any CPU
		{A05A5709-833E-48D8-894D-F7DA7260FAAA}.Lab.Release|arm64.ActiveCfg = Release|Any CPU
		{A05A5709-833E-48D8-894D-F7DA7260FAAA}.Lab.Release|arm64.Build.0 = Release|Any CPU
		{A05A5709-833E-48D8-894D-F7DA7260FAAA}.Lab.Release|x86.ActiveCfg = Release|Any CPU
		{A05A5709-833E-48D8-894D-F7DA7260FAAA}.Lab.Release|x86.Build.0 = Release|Any CPU
		{A05A5709-833E-48D8-894D-F7DA7260FAAA}.Release|Any CPU.ActiveCfg = Release|Any CPU
		{A05A5709-833E-48D8-894D-F7DA7260FAAA}.Release|Any CPU.Build.0 = Release|Any CPU
		{A05A5709-833E-48D8-894D-F7DA7260FAAA}.Release|arm64.ActiveCfg = Release|Any CPU
		{A05A5709-833E-48D8-894D-F7DA7260FAAA}.Release|arm64.Build.0 = Release|Any CPU
		{A05A5709-833E-48D8-894D-F7DA7260FAAA}.Release|x86.ActiveCfg = Release|Any CPU
		{A05A5709-833E-48D8-894D-F7DA7260FAAA}.Release|x86.Build.0 = Release|Any CPU
		{007460A4-AF7D-4AC0-AF26-11089F4C3FDB}.Debug|Any CPU.ActiveCfg = Debug|Any CPU
		{007460A4-AF7D-4AC0-AF26-11089F4C3FDB}.Debug|Any CPU.Build.0 = Debug|Any CPU
		{007460A4-AF7D-4AC0-AF26-11089F4C3FDB}.Debug|arm64.ActiveCfg = Debug|Any CPU
		{007460A4-AF7D-4AC0-AF26-11089F4C3FDB}.Debug|arm64.Build.0 = Debug|Any CPU
		{007460A4-AF7D-4AC0-AF26-11089F4C3FDB}.Debug|x86.ActiveCfg = Debug|Any CPU
		{007460A4-AF7D-4AC0-AF26-11089F4C3FDB}.Debug|x86.Build.0 = Debug|Any CPU
		{007460A4-AF7D-4AC0-AF26-11089F4C3FDB}.Lab.Debug|Any CPU.ActiveCfg = Debug|Any CPU
		{007460A4-AF7D-4AC0-AF26-11089F4C3FDB}.Lab.Debug|Any CPU.Build.0 = Debug|Any CPU
		{007460A4-AF7D-4AC0-AF26-11089F4C3FDB}.Lab.Debug|arm64.ActiveCfg = Debug|Any CPU
		{007460A4-AF7D-4AC0-AF26-11089F4C3FDB}.Lab.Debug|arm64.Build.0 = Debug|Any CPU
		{007460A4-AF7D-4AC0-AF26-11089F4C3FDB}.Lab.Debug|x86.ActiveCfg = Debug|Any CPU
		{007460A4-AF7D-4AC0-AF26-11089F4C3FDB}.Lab.Debug|x86.Build.0 = Debug|Any CPU
		{007460A4-AF7D-4AC0-AF26-11089F4C3FDB}.Lab.Release|Any CPU.ActiveCfg = Release|Any CPU
		{007460A4-AF7D-4AC0-AF26-11089F4C3FDB}.Lab.Release|Any CPU.Build.0 = Release|Any CPU
		{007460A4-AF7D-4AC0-AF26-11089F4C3FDB}.Lab.Release|arm64.ActiveCfg = Release|Any CPU
		{007460A4-AF7D-4AC0-AF26-11089F4C3FDB}.Lab.Release|arm64.Build.0 = Release|Any CPU
		{007460A4-AF7D-4AC0-AF26-11089F4C3FDB}.Lab.Release|x86.ActiveCfg = Release|Any CPU
		{007460A4-AF7D-4AC0-AF26-11089F4C3FDB}.Lab.Release|x86.Build.0 = Release|Any CPU
		{007460A4-AF7D-4AC0-AF26-11089F4C3FDB}.Release|Any CPU.ActiveCfg = Release|Any CPU
		{007460A4-AF7D-4AC0-AF26-11089F4C3FDB}.Release|Any CPU.Build.0 = Release|Any CPU
		{007460A4-AF7D-4AC0-AF26-11089F4C3FDB}.Release|arm64.ActiveCfg = Release|Any CPU
		{007460A4-AF7D-4AC0-AF26-11089F4C3FDB}.Release|arm64.Build.0 = Release|Any CPU
		{007460A4-AF7D-4AC0-AF26-11089F4C3FDB}.Release|x86.ActiveCfg = Release|Any CPU
		{007460A4-AF7D-4AC0-AF26-11089F4C3FDB}.Release|x86.Build.0 = Release|Any CPU
		{7CF6F543-4E45-4A1C-8DCD-4D8823339F4F}.Debug|Any CPU.ActiveCfg = Debug|Any CPU
		{7CF6F543-4E45-4A1C-8DCD-4D8823339F4F}.Debug|Any CPU.Build.0 = Debug|Any CPU
		{7CF6F543-4E45-4A1C-8DCD-4D8823339F4F}.Debug|arm64.ActiveCfg = Debug|Any CPU
		{7CF6F543-4E45-4A1C-8DCD-4D8823339F4F}.Debug|arm64.Build.0 = Debug|Any CPU
		{7CF6F543-4E45-4A1C-8DCD-4D8823339F4F}.Debug|x86.ActiveCfg = Debug|Any CPU
		{7CF6F543-4E45-4A1C-8DCD-4D8823339F4F}.Debug|x86.Build.0 = Debug|Any CPU
		{7CF6F543-4E45-4A1C-8DCD-4D8823339F4F}.Lab.Debug|Any CPU.ActiveCfg = Debug|Any CPU
		{7CF6F543-4E45-4A1C-8DCD-4D8823339F4F}.Lab.Debug|Any CPU.Build.0 = Debug|Any CPU
		{7CF6F543-4E45-4A1C-8DCD-4D8823339F4F}.Lab.Debug|arm64.ActiveCfg = Debug|Any CPU
		{7CF6F543-4E45-4A1C-8DCD-4D8823339F4F}.Lab.Debug|arm64.Build.0 = Debug|Any CPU
		{7CF6F543-4E45-4A1C-8DCD-4D8823339F4F}.Lab.Debug|x86.ActiveCfg = Debug|Any CPU
		{7CF6F543-4E45-4A1C-8DCD-4D8823339F4F}.Lab.Debug|x86.Build.0 = Debug|Any CPU
		{7CF6F543-4E45-4A1C-8DCD-4D8823339F4F}.Lab.Release|Any CPU.ActiveCfg = Release|Any CPU
		{7CF6F543-4E45-4A1C-8DCD-4D8823339F4F}.Lab.Release|Any CPU.Build.0 = Release|Any CPU
		{7CF6F543-4E45-4A1C-8DCD-4D8823339F4F}.Lab.Release|arm64.ActiveCfg = Release|Any CPU
		{7CF6F543-4E45-4A1C-8DCD-4D8823339F4F}.Lab.Release|arm64.Build.0 = Release|Any CPU
		{7CF6F543-4E45-4A1C-8DCD-4D8823339F4F}.Lab.Release|x86.ActiveCfg = Release|Any CPU
		{7CF6F543-4E45-4A1C-8DCD-4D8823339F4F}.Lab.Release|x86.Build.0 = Release|Any CPU
		{7CF6F543-4E45-4A1C-8DCD-4D8823339F4F}.Release|Any CPU.ActiveCfg = Release|Any CPU
		{7CF6F543-4E45-4A1C-8DCD-4D8823339F4F}.Release|Any CPU.Build.0 = Release|Any CPU
		{7CF6F543-4E45-4A1C-8DCD-4D8823339F4F}.Release|arm64.ActiveCfg = Release|Any CPU
		{7CF6F543-4E45-4A1C-8DCD-4D8823339F4F}.Release|arm64.Build.0 = Release|Any CPU
		{7CF6F543-4E45-4A1C-8DCD-4D8823339F4F}.Release|x86.ActiveCfg = Release|Any CPU
		{7CF6F543-4E45-4A1C-8DCD-4D8823339F4F}.Release|x86.Build.0 = Release|Any CPU
		{CB4277F6-C979-4486-AED2-F8C51AE13FE4}.Debug|Any CPU.ActiveCfg = Debug|Any CPU
		{CB4277F6-C979-4486-AED2-F8C51AE13FE4}.Debug|Any CPU.Build.0 = Debug|Any CPU
		{CB4277F6-C979-4486-AED2-F8C51AE13FE4}.Debug|arm64.ActiveCfg = Debug|Any CPU
		{CB4277F6-C979-4486-AED2-F8C51AE13FE4}.Debug|arm64.Build.0 = Debug|Any CPU
		{CB4277F6-C979-4486-AED2-F8C51AE13FE4}.Debug|x86.ActiveCfg = Debug|Any CPU
		{CB4277F6-C979-4486-AED2-F8C51AE13FE4}.Debug|x86.Build.0 = Debug|Any CPU
		{CB4277F6-C979-4486-AED2-F8C51AE13FE4}.Lab.Debug|Any CPU.ActiveCfg = Debug|Any CPU
		{CB4277F6-C979-4486-AED2-F8C51AE13FE4}.Lab.Debug|Any CPU.Build.0 = Debug|Any CPU
		{CB4277F6-C979-4486-AED2-F8C51AE13FE4}.Lab.Debug|arm64.ActiveCfg = Debug|Any CPU
		{CB4277F6-C979-4486-AED2-F8C51AE13FE4}.Lab.Debug|arm64.Build.0 = Debug|Any CPU
		{CB4277F6-C979-4486-AED2-F8C51AE13FE4}.Lab.Debug|x86.ActiveCfg = Debug|Any CPU
		{CB4277F6-C979-4486-AED2-F8C51AE13FE4}.Lab.Debug|x86.Build.0 = Debug|Any CPU
		{CB4277F6-C979-4486-AED2-F8C51AE13FE4}.Lab.Release|Any CPU.ActiveCfg = Release|Any CPU
		{CB4277F6-C979-4486-AED2-F8C51AE13FE4}.Lab.Release|Any CPU.Build.0 = Release|Any CPU
		{CB4277F6-C979-4486-AED2-F8C51AE13FE4}.Lab.Release|arm64.ActiveCfg = Release|Any CPU
		{CB4277F6-C979-4486-AED2-F8C51AE13FE4}.Lab.Release|arm64.Build.0 = Release|Any CPU
		{CB4277F6-C979-4486-AED2-F8C51AE13FE4}.Lab.Release|x86.ActiveCfg = Release|Any CPU
		{CB4277F6-C979-4486-AED2-F8C51AE13FE4}.Lab.Release|x86.Build.0 = Release|Any CPU
		{CB4277F6-C979-4486-AED2-F8C51AE13FE4}.Release|Any CPU.ActiveCfg = Release|Any CPU
		{CB4277F6-C979-4486-AED2-F8C51AE13FE4}.Release|Any CPU.Build.0 = Release|Any CPU
		{CB4277F6-C979-4486-AED2-F8C51AE13FE4}.Release|arm64.ActiveCfg = Release|Any CPU
		{CB4277F6-C979-4486-AED2-F8C51AE13FE4}.Release|arm64.Build.0 = Release|Any CPU
		{CB4277F6-C979-4486-AED2-F8C51AE13FE4}.Release|x86.ActiveCfg = Release|Any CPU
		{CB4277F6-C979-4486-AED2-F8C51AE13FE4}.Release|x86.Build.0 = Release|Any CPU
		{C324865F-05F7-4C7B-9110-95785E53287D}.Debug|Any CPU.ActiveCfg = Debug|Any CPU
		{C324865F-05F7-4C7B-9110-95785E53287D}.Debug|Any CPU.Build.0 = Debug|Any CPU
		{C324865F-05F7-4C7B-9110-95785E53287D}.Debug|arm64.ActiveCfg = Debug|Any CPU
		{C324865F-05F7-4C7B-9110-95785E53287D}.Debug|arm64.Build.0 = Debug|Any CPU
		{C324865F-05F7-4C7B-9110-95785E53287D}.Debug|x86.ActiveCfg = Debug|Any CPU
		{C324865F-05F7-4C7B-9110-95785E53287D}.Debug|x86.Build.0 = Debug|Any CPU
		{C324865F-05F7-4C7B-9110-95785E53287D}.Lab.Debug|Any CPU.ActiveCfg = Debug|Any CPU
		{C324865F-05F7-4C7B-9110-95785E53287D}.Lab.Debug|Any CPU.Build.0 = Debug|Any CPU
		{C324865F-05F7-4C7B-9110-95785E53287D}.Lab.Debug|arm64.ActiveCfg = Debug|Any CPU
		{C324865F-05F7-4C7B-9110-95785E53287D}.Lab.Debug|arm64.Build.0 = Debug|Any CPU
		{C324865F-05F7-4C7B-9110-95785E53287D}.Lab.Debug|x86.ActiveCfg = Debug|Any CPU
		{C324865F-05F7-4C7B-9110-95785E53287D}.Lab.Debug|x86.Build.0 = Debug|Any CPU
		{C324865F-05F7-4C7B-9110-95785E53287D}.Lab.Release|Any CPU.ActiveCfg = Release|Any CPU
		{C324865F-05F7-4C7B-9110-95785E53287D}.Lab.Release|Any CPU.Build.0 = Release|Any CPU
		{C324865F-05F7-4C7B-9110-95785E53287D}.Lab.Release|arm64.ActiveCfg = Release|Any CPU
		{C324865F-05F7-4C7B-9110-95785E53287D}.Lab.Release|arm64.Build.0 = Release|Any CPU
		{C324865F-05F7-4C7B-9110-95785E53287D}.Lab.Release|x86.ActiveCfg = Release|Any CPU
		{C324865F-05F7-4C7B-9110-95785E53287D}.Lab.Release|x86.Build.0 = Release|Any CPU
		{C324865F-05F7-4C7B-9110-95785E53287D}.Release|Any CPU.ActiveCfg = Release|Any CPU
		{C324865F-05F7-4C7B-9110-95785E53287D}.Release|Any CPU.Build.0 = Release|Any CPU
		{C324865F-05F7-4C7B-9110-95785E53287D}.Release|arm64.ActiveCfg = Release|Any CPU
		{C324865F-05F7-4C7B-9110-95785E53287D}.Release|arm64.Build.0 = Release|Any CPU
		{C324865F-05F7-4C7B-9110-95785E53287D}.Release|x86.ActiveCfg = Release|Any CPU
		{C324865F-05F7-4C7B-9110-95785E53287D}.Release|x86.Build.0 = Release|Any CPU
		{6161E467-42D5-42CF-9CB7-3577A2EFB6E1}.Debug|Any CPU.ActiveCfg = Debug|Any CPU
		{6161E467-42D5-42CF-9CB7-3577A2EFB6E1}.Debug|Any CPU.Build.0 = Debug|Any CPU
		{6161E467-42D5-42CF-9CB7-3577A2EFB6E1}.Debug|arm64.ActiveCfg = Debug|Any CPU
		{6161E467-42D5-42CF-9CB7-3577A2EFB6E1}.Debug|arm64.Build.0 = Debug|Any CPU
		{6161E467-42D5-42CF-9CB7-3577A2EFB6E1}.Debug|x86.ActiveCfg = Debug|Any CPU
		{6161E467-42D5-42CF-9CB7-3577A2EFB6E1}.Debug|x86.Build.0 = Debug|Any CPU
		{6161E467-42D5-42CF-9CB7-3577A2EFB6E1}.Lab.Debug|Any CPU.ActiveCfg = Debug|Any CPU
		{6161E467-42D5-42CF-9CB7-3577A2EFB6E1}.Lab.Debug|Any CPU.Build.0 = Debug|Any CPU
		{6161E467-42D5-42CF-9CB7-3577A2EFB6E1}.Lab.Debug|arm64.ActiveCfg = Debug|Any CPU
		{6161E467-42D5-42CF-9CB7-3577A2EFB6E1}.Lab.Debug|arm64.Build.0 = Debug|Any CPU
		{6161E467-42D5-42CF-9CB7-3577A2EFB6E1}.Lab.Debug|x86.ActiveCfg = Debug|Any CPU
		{6161E467-42D5-42CF-9CB7-3577A2EFB6E1}.Lab.Debug|x86.Build.0 = Debug|Any CPU
		{6161E467-42D5-42CF-9CB7-3577A2EFB6E1}.Lab.Release|Any CPU.ActiveCfg = Release|Any CPU
		{6161E467-42D5-42CF-9CB7-3577A2EFB6E1}.Lab.Release|Any CPU.Build.0 = Release|Any CPU
		{6161E467-42D5-42CF-9CB7-3577A2EFB6E1}.Lab.Release|arm64.ActiveCfg = Release|Any CPU
		{6161E467-42D5-42CF-9CB7-3577A2EFB6E1}.Lab.Release|arm64.Build.0 = Release|Any CPU
		{6161E467-42D5-42CF-9CB7-3577A2EFB6E1}.Lab.Release|x86.ActiveCfg = Release|Any CPU
		{6161E467-42D5-42CF-9CB7-3577A2EFB6E1}.Lab.Release|x86.Build.0 = Release|Any CPU
		{6161E467-42D5-42CF-9CB7-3577A2EFB6E1}.Release|Any CPU.ActiveCfg = Release|Any CPU
		{6161E467-42D5-42CF-9CB7-3577A2EFB6E1}.Release|Any CPU.Build.0 = Release|Any CPU
		{6161E467-42D5-42CF-9CB7-3577A2EFB6E1}.Release|arm64.ActiveCfg = Release|Any CPU
		{6161E467-42D5-42CF-9CB7-3577A2EFB6E1}.Release|arm64.Build.0 = Release|Any CPU
		{6161E467-42D5-42CF-9CB7-3577A2EFB6E1}.Release|x86.ActiveCfg = Release|Any CPU
		{6161E467-42D5-42CF-9CB7-3577A2EFB6E1}.Release|x86.Build.0 = Release|Any CPU
		{93C9B5BC-E019-4E1E-BA35-58F03BCC9C00}.Debug|Any CPU.ActiveCfg = Debug|x64
		{93C9B5BC-E019-4E1E-BA35-58F03BCC9C00}.Debug|Any CPU.Build.0 = Debug|x64
		{93C9B5BC-E019-4E1E-BA35-58F03BCC9C00}.Debug|Any CPU.Deploy.0 = Debug|x64
		{93C9B5BC-E019-4E1E-BA35-58F03BCC9C00}.Debug|arm64.ActiveCfg = Debug|x64
		{93C9B5BC-E019-4E1E-BA35-58F03BCC9C00}.Debug|arm64.Build.0 = Debug|x64
		{93C9B5BC-E019-4E1E-BA35-58F03BCC9C00}.Debug|arm64.Deploy.0 = Debug|x64
		{93C9B5BC-E019-4E1E-BA35-58F03BCC9C00}.Debug|x86.ActiveCfg = Debug|x64
		{93C9B5BC-E019-4E1E-BA35-58F03BCC9C00}.Debug|x86.Build.0 = Debug|x64
		{93C9B5BC-E019-4E1E-BA35-58F03BCC9C00}.Debug|x86.Deploy.0 = Debug|x64
		{93C9B5BC-E019-4E1E-BA35-58F03BCC9C00}.Lab.Debug|Any CPU.ActiveCfg = Debug|x64
		{93C9B5BC-E019-4E1E-BA35-58F03BCC9C00}.Lab.Debug|Any CPU.Build.0 = Debug|x64
		{93C9B5BC-E019-4E1E-BA35-58F03BCC9C00}.Lab.Debug|Any CPU.Deploy.0 = Debug|x64
		{93C9B5BC-E019-4E1E-BA35-58F03BCC9C00}.Lab.Debug|arm64.ActiveCfg = Debug|x64
		{93C9B5BC-E019-4E1E-BA35-58F03BCC9C00}.Lab.Debug|arm64.Build.0 = Debug|x64
		{93C9B5BC-E019-4E1E-BA35-58F03BCC9C00}.Lab.Debug|arm64.Deploy.0 = Debug|x64
		{93C9B5BC-E019-4E1E-BA35-58F03BCC9C00}.Lab.Debug|x86.ActiveCfg = Debug|x64
		{93C9B5BC-E019-4E1E-BA35-58F03BCC9C00}.Lab.Debug|x86.Build.0 = Debug|x64
		{93C9B5BC-E019-4E1E-BA35-58F03BCC9C00}.Lab.Debug|x86.Deploy.0 = Debug|x64
		{93C9B5BC-E019-4E1E-BA35-58F03BCC9C00}.Lab.Release|Any CPU.ActiveCfg = Release|x64
		{93C9B5BC-E019-4E1E-BA35-58F03BCC9C00}.Lab.Release|Any CPU.Build.0 = Release|x64
		{93C9B5BC-E019-4E1E-BA35-58F03BCC9C00}.Lab.Release|Any CPU.Deploy.0 = Release|x64
		{93C9B5BC-E019-4E1E-BA35-58F03BCC9C00}.Lab.Release|arm64.ActiveCfg = Release|x64
		{93C9B5BC-E019-4E1E-BA35-58F03BCC9C00}.Lab.Release|arm64.Build.0 = Release|x64
		{93C9B5BC-E019-4E1E-BA35-58F03BCC9C00}.Lab.Release|arm64.Deploy.0 = Release|x64
		{93C9B5BC-E019-4E1E-BA35-58F03BCC9C00}.Lab.Release|x86.ActiveCfg = Release|x64
		{93C9B5BC-E019-4E1E-BA35-58F03BCC9C00}.Lab.Release|x86.Build.0 = Release|x64
		{93C9B5BC-E019-4E1E-BA35-58F03BCC9C00}.Lab.Release|x86.Deploy.0 = Release|x64
		{93C9B5BC-E019-4E1E-BA35-58F03BCC9C00}.Release|Any CPU.ActiveCfg = Release|x64
		{93C9B5BC-E019-4E1E-BA35-58F03BCC9C00}.Release|Any CPU.Build.0 = Release|x64
		{93C9B5BC-E019-4E1E-BA35-58F03BCC9C00}.Release|Any CPU.Deploy.0 = Release|x64
		{93C9B5BC-E019-4E1E-BA35-58F03BCC9C00}.Release|arm64.ActiveCfg = Release|x64
		{93C9B5BC-E019-4E1E-BA35-58F03BCC9C00}.Release|arm64.Build.0 = Release|x64
		{93C9B5BC-E019-4E1E-BA35-58F03BCC9C00}.Release|arm64.Deploy.0 = Release|x64
		{93C9B5BC-E019-4E1E-BA35-58F03BCC9C00}.Release|x86.ActiveCfg = Release|x64
		{93C9B5BC-E019-4E1E-BA35-58F03BCC9C00}.Release|x86.Build.0 = Release|x64
		{93C9B5BC-E019-4E1E-BA35-58F03BCC9C00}.Release|x86.Deploy.0 = Release|x64
		{7F4372DA-70E2-48D0-BEE2-8043528428D0}.Debug|Any CPU.ActiveCfg = Debug|Any CPU
		{7F4372DA-70E2-48D0-BEE2-8043528428D0}.Debug|Any CPU.Build.0 = Debug|Any CPU
		{7F4372DA-70E2-48D0-BEE2-8043528428D0}.Debug|arm64.ActiveCfg = Debug|Any CPU
		{7F4372DA-70E2-48D0-BEE2-8043528428D0}.Debug|arm64.Build.0 = Debug|Any CPU
		{7F4372DA-70E2-48D0-BEE2-8043528428D0}.Debug|x86.ActiveCfg = Debug|Any CPU
		{7F4372DA-70E2-48D0-BEE2-8043528428D0}.Debug|x86.Build.0 = Debug|Any CPU
		{7F4372DA-70E2-48D0-BEE2-8043528428D0}.Lab.Debug|Any CPU.ActiveCfg = Debug|Any CPU
		{7F4372DA-70E2-48D0-BEE2-8043528428D0}.Lab.Debug|Any CPU.Build.0 = Debug|Any CPU
		{7F4372DA-70E2-48D0-BEE2-8043528428D0}.Lab.Debug|arm64.ActiveCfg = Debug|Any CPU
		{7F4372DA-70E2-48D0-BEE2-8043528428D0}.Lab.Debug|arm64.Build.0 = Debug|Any CPU
		{7F4372DA-70E2-48D0-BEE2-8043528428D0}.Lab.Debug|x86.ActiveCfg = Debug|Any CPU
		{7F4372DA-70E2-48D0-BEE2-8043528428D0}.Lab.Debug|x86.Build.0 = Debug|Any CPU
		{7F4372DA-70E2-48D0-BEE2-8043528428D0}.Lab.Release|Any CPU.ActiveCfg = Release|Any CPU
		{7F4372DA-70E2-48D0-BEE2-8043528428D0}.Lab.Release|Any CPU.Build.0 = Release|Any CPU
		{7F4372DA-70E2-48D0-BEE2-8043528428D0}.Lab.Release|arm64.ActiveCfg = Release|Any CPU
		{7F4372DA-70E2-48D0-BEE2-8043528428D0}.Lab.Release|arm64.Build.0 = Release|Any CPU
		{7F4372DA-70E2-48D0-BEE2-8043528428D0}.Lab.Release|x86.ActiveCfg = Release|Any CPU
		{7F4372DA-70E2-48D0-BEE2-8043528428D0}.Lab.Release|x86.Build.0 = Release|Any CPU
		{7F4372DA-70E2-48D0-BEE2-8043528428D0}.Release|Any CPU.ActiveCfg = Release|Any CPU
		{7F4372DA-70E2-48D0-BEE2-8043528428D0}.Release|Any CPU.Build.0 = Release|Any CPU
		{7F4372DA-70E2-48D0-BEE2-8043528428D0}.Release|arm64.ActiveCfg = Release|Any CPU
		{7F4372DA-70E2-48D0-BEE2-8043528428D0}.Release|arm64.Build.0 = Release|Any CPU
		{7F4372DA-70E2-48D0-BEE2-8043528428D0}.Release|x86.ActiveCfg = Release|Any CPU
		{7F4372DA-70E2-48D0-BEE2-8043528428D0}.Release|x86.Build.0 = Release|Any CPU
		{BC05D210-68CD-47D0-AE8C-0F3168D1BE73}.Debug|Any CPU.ActiveCfg = Debug|Any CPU
		{BC05D210-68CD-47D0-AE8C-0F3168D1BE73}.Debug|Any CPU.Build.0 = Debug|Any CPU
		{BC05D210-68CD-47D0-AE8C-0F3168D1BE73}.Debug|arm64.ActiveCfg = Debug|Any CPU
		{BC05D210-68CD-47D0-AE8C-0F3168D1BE73}.Debug|arm64.Build.0 = Debug|Any CPU
		{BC05D210-68CD-47D0-AE8C-0F3168D1BE73}.Debug|x86.ActiveCfg = Debug|Any CPU
		{BC05D210-68CD-47D0-AE8C-0F3168D1BE73}.Debug|x86.Build.0 = Debug|Any CPU
		{BC05D210-68CD-47D0-AE8C-0F3168D1BE73}.Lab.Debug|Any CPU.ActiveCfg = Debug|Any CPU
		{BC05D210-68CD-47D0-AE8C-0F3168D1BE73}.Lab.Debug|Any CPU.Build.0 = Debug|Any CPU
		{BC05D210-68CD-47D0-AE8C-0F3168D1BE73}.Lab.Debug|arm64.ActiveCfg = Debug|Any CPU
		{BC05D210-68CD-47D0-AE8C-0F3168D1BE73}.Lab.Debug|arm64.Build.0 = Debug|Any CPU
		{BC05D210-68CD-47D0-AE8C-0F3168D1BE73}.Lab.Debug|x86.ActiveCfg = Debug|Any CPU
		{BC05D210-68CD-47D0-AE8C-0F3168D1BE73}.Lab.Debug|x86.Build.0 = Debug|Any CPU
		{BC05D210-68CD-47D0-AE8C-0F3168D1BE73}.Lab.Release|Any CPU.ActiveCfg = Release|Any CPU
		{BC05D210-68CD-47D0-AE8C-0F3168D1BE73}.Lab.Release|Any CPU.Build.0 = Release|Any CPU
		{BC05D210-68CD-47D0-AE8C-0F3168D1BE73}.Lab.Release|arm64.ActiveCfg = Release|Any CPU
		{BC05D210-68CD-47D0-AE8C-0F3168D1BE73}.Lab.Release|arm64.Build.0 = Release|Any CPU
		{BC05D210-68CD-47D0-AE8C-0F3168D1BE73}.Lab.Release|x86.ActiveCfg = Release|Any CPU
		{BC05D210-68CD-47D0-AE8C-0F3168D1BE73}.Lab.Release|x86.Build.0 = Release|Any CPU
		{BC05D210-68CD-47D0-AE8C-0F3168D1BE73}.Release|Any CPU.ActiveCfg = Release|Any CPU
		{BC05D210-68CD-47D0-AE8C-0F3168D1BE73}.Release|Any CPU.Build.0 = Release|Any CPU
		{BC05D210-68CD-47D0-AE8C-0F3168D1BE73}.Release|arm64.ActiveCfg = Release|Any CPU
		{BC05D210-68CD-47D0-AE8C-0F3168D1BE73}.Release|arm64.Build.0 = Release|Any CPU
		{BC05D210-68CD-47D0-AE8C-0F3168D1BE73}.Release|x86.ActiveCfg = Release|Any CPU
		{BC05D210-68CD-47D0-AE8C-0F3168D1BE73}.Release|x86.Build.0 = Release|Any CPU
		{FDC95D92-5E1E-4BDF-AA35-181851FCE755}.Debug|Any CPU.ActiveCfg = Debug|Any CPU
		{FDC95D92-5E1E-4BDF-AA35-181851FCE755}.Debug|Any CPU.Build.0 = Debug|Any CPU
		{FDC95D92-5E1E-4BDF-AA35-181851FCE755}.Debug|arm64.ActiveCfg = Debug|Any CPU
		{FDC95D92-5E1E-4BDF-AA35-181851FCE755}.Debug|arm64.Build.0 = Debug|Any CPU
		{FDC95D92-5E1E-4BDF-AA35-181851FCE755}.Debug|x86.ActiveCfg = Debug|Any CPU
		{FDC95D92-5E1E-4BDF-AA35-181851FCE755}.Debug|x86.Build.0 = Debug|Any CPU
		{FDC95D92-5E1E-4BDF-AA35-181851FCE755}.Lab.Debug|Any CPU.ActiveCfg = Debug|Any CPU
		{FDC95D92-5E1E-4BDF-AA35-181851FCE755}.Lab.Debug|Any CPU.Build.0 = Debug|Any CPU
		{FDC95D92-5E1E-4BDF-AA35-181851FCE755}.Lab.Debug|arm64.ActiveCfg = Debug|Any CPU
		{FDC95D92-5E1E-4BDF-AA35-181851FCE755}.Lab.Debug|arm64.Build.0 = Debug|Any CPU
		{FDC95D92-5E1E-4BDF-AA35-181851FCE755}.Lab.Debug|x86.ActiveCfg = Debug|Any CPU
		{FDC95D92-5E1E-4BDF-AA35-181851FCE755}.Lab.Debug|x86.Build.0 = Debug|Any CPU
		{FDC95D92-5E1E-4BDF-AA35-181851FCE755}.Lab.Release|Any CPU.ActiveCfg = Release|Any CPU
		{FDC95D92-5E1E-4BDF-AA35-181851FCE755}.Lab.Release|Any CPU.Build.0 = Release|Any CPU
		{FDC95D92-5E1E-4BDF-AA35-181851FCE755}.Lab.Release|arm64.ActiveCfg = Release|Any CPU
		{FDC95D92-5E1E-4BDF-AA35-181851FCE755}.Lab.Release|arm64.Build.0 = Release|Any CPU
		{FDC95D92-5E1E-4BDF-AA35-181851FCE755}.Lab.Release|x86.ActiveCfg = Release|Any CPU
		{FDC95D92-5E1E-4BDF-AA35-181851FCE755}.Lab.Release|x86.Build.0 = Release|Any CPU
		{FDC95D92-5E1E-4BDF-AA35-181851FCE755}.Release|Any CPU.ActiveCfg = Release|Any CPU
		{FDC95D92-5E1E-4BDF-AA35-181851FCE755}.Release|Any CPU.Build.0 = Release|Any CPU
		{FDC95D92-5E1E-4BDF-AA35-181851FCE755}.Release|arm64.ActiveCfg = Release|Any CPU
		{FDC95D92-5E1E-4BDF-AA35-181851FCE755}.Release|arm64.Build.0 = Release|Any CPU
		{FDC95D92-5E1E-4BDF-AA35-181851FCE755}.Release|x86.ActiveCfg = Release|Any CPU
		{FDC95D92-5E1E-4BDF-AA35-181851FCE755}.Release|x86.Build.0 = Release|Any CPU
		{3296C843-4852-4DBF-9DF9-247F60C0ACF2}.Debug|Any CPU.ActiveCfg = Debug|x64
		{3296C843-4852-4DBF-9DF9-247F60C0ACF2}.Debug|Any CPU.Build.0 = Debug|x64
		{3296C843-4852-4DBF-9DF9-247F60C0ACF2}.Debug|arm64.ActiveCfg = Debug|x64
		{3296C843-4852-4DBF-9DF9-247F60C0ACF2}.Debug|arm64.Build.0 = Debug|x64
		{3296C843-4852-4DBF-9DF9-247F60C0ACF2}.Debug|x86.ActiveCfg = Debug|Win32
		{3296C843-4852-4DBF-9DF9-247F60C0ACF2}.Debug|x86.Build.0 = Debug|Win32
		{3296C843-4852-4DBF-9DF9-247F60C0ACF2}.Lab.Debug|Any CPU.ActiveCfg = Debug|x64
		{3296C843-4852-4DBF-9DF9-247F60C0ACF2}.Lab.Debug|Any CPU.Build.0 = Debug|x64
		{3296C843-4852-4DBF-9DF9-247F60C0ACF2}.Lab.Debug|arm64.ActiveCfg = Debug|x64
		{3296C843-4852-4DBF-9DF9-247F60C0ACF2}.Lab.Debug|arm64.Build.0 = Debug|x64
		{3296C843-4852-4DBF-9DF9-247F60C0ACF2}.Lab.Debug|x86.ActiveCfg = Debug|Win32
		{3296C843-4852-4DBF-9DF9-247F60C0ACF2}.Lab.Debug|x86.Build.0 = Debug|Win32
		{3296C843-4852-4DBF-9DF9-247F60C0ACF2}.Lab.Release|Any CPU.ActiveCfg = Release|x64
		{3296C843-4852-4DBF-9DF9-247F60C0ACF2}.Lab.Release|Any CPU.Build.0 = Release|x64
		{3296C843-4852-4DBF-9DF9-247F60C0ACF2}.Lab.Release|arm64.ActiveCfg = Release|x64
		{3296C843-4852-4DBF-9DF9-247F60C0ACF2}.Lab.Release|arm64.Build.0 = Release|x64
		{3296C843-4852-4DBF-9DF9-247F60C0ACF2}.Lab.Release|x86.ActiveCfg = Release|Win32
		{3296C843-4852-4DBF-9DF9-247F60C0ACF2}.Lab.Release|x86.Build.0 = Release|Win32
		{3296C843-4852-4DBF-9DF9-247F60C0ACF2}.Release|Any CPU.ActiveCfg = Release|x64
		{3296C843-4852-4DBF-9DF9-247F60C0ACF2}.Release|Any CPU.Build.0 = Release|x64
		{3296C843-4852-4DBF-9DF9-247F60C0ACF2}.Release|arm64.ActiveCfg = Release|x64
		{3296C843-4852-4DBF-9DF9-247F60C0ACF2}.Release|arm64.Build.0 = Release|x64
		{3296C843-4852-4DBF-9DF9-247F60C0ACF2}.Release|x86.ActiveCfg = Release|Win32
		{3296C843-4852-4DBF-9DF9-247F60C0ACF2}.Release|x86.Build.0 = Release|Win32
		{6A803355-A7CF-4A26-A72B-B6BF65A37201}.Debug|Any CPU.ActiveCfg = Debug|Any CPU
		{6A803355-A7CF-4A26-A72B-B6BF65A37201}.Debug|Any CPU.Build.0 = Debug|Any CPU
		{6A803355-A7CF-4A26-A72B-B6BF65A37201}.Debug|arm64.ActiveCfg = Debug|arm64
		{6A803355-A7CF-4A26-A72B-B6BF65A37201}.Debug|arm64.Build.0 = Debug|arm64
		{6A803355-A7CF-4A26-A72B-B6BF65A37201}.Debug|x86.ActiveCfg = Debug|x86
		{6A803355-A7CF-4A26-A72B-B6BF65A37201}.Debug|x86.Build.0 = Debug|x86
		{6A803355-A7CF-4A26-A72B-B6BF65A37201}.Lab.Debug|Any CPU.ActiveCfg = Debug|Any CPU
		{6A803355-A7CF-4A26-A72B-B6BF65A37201}.Lab.Debug|Any CPU.Build.0 = Debug|Any CPU
		{6A803355-A7CF-4A26-A72B-B6BF65A37201}.Lab.Debug|arm64.ActiveCfg = Debug|arm64
		{6A803355-A7CF-4A26-A72B-B6BF65A37201}.Lab.Debug|arm64.Build.0 = Debug|arm64
		{6A803355-A7CF-4A26-A72B-B6BF65A37201}.Lab.Debug|x86.ActiveCfg = Debug|x86
		{6A803355-A7CF-4A26-A72B-B6BF65A37201}.Lab.Debug|x86.Build.0 = Debug|x86
		{6A803355-A7CF-4A26-A72B-B6BF65A37201}.Lab.Release|Any CPU.ActiveCfg = Release|Any CPU
		{6A803355-A7CF-4A26-A72B-B6BF65A37201}.Lab.Release|Any CPU.Build.0 = Release|Any CPU
		{6A803355-A7CF-4A26-A72B-B6BF65A37201}.Lab.Release|arm64.ActiveCfg = Release|arm64
		{6A803355-A7CF-4A26-A72B-B6BF65A37201}.Lab.Release|arm64.Build.0 = Release|arm64
		{6A803355-A7CF-4A26-A72B-B6BF65A37201}.Lab.Release|x86.ActiveCfg = Release|x86
		{6A803355-A7CF-4A26-A72B-B6BF65A37201}.Lab.Release|x86.Build.0 = Release|x86
		{6A803355-A7CF-4A26-A72B-B6BF65A37201}.Release|Any CPU.ActiveCfg = Release|Any CPU
		{6A803355-A7CF-4A26-A72B-B6BF65A37201}.Release|Any CPU.Build.0 = Release|Any CPU
		{6A803355-A7CF-4A26-A72B-B6BF65A37201}.Release|arm64.ActiveCfg = Release|arm64
		{6A803355-A7CF-4A26-A72B-B6BF65A37201}.Release|arm64.Build.0 = Release|arm64
		{6A803355-A7CF-4A26-A72B-B6BF65A37201}.Release|x86.ActiveCfg = Release|x86
		{6A803355-A7CF-4A26-A72B-B6BF65A37201}.Release|x86.Build.0 = Release|x86
		{2059F11C-55A6-4E7D-BF26-169B8E29974E}.Debug|Any CPU.ActiveCfg = Debug|Any CPU
		{2059F11C-55A6-4E7D-BF26-169B8E29974E}.Debug|Any CPU.Build.0 = Debug|Any CPU
		{2059F11C-55A6-4E7D-BF26-169B8E29974E}.Debug|arm64.ActiveCfg = Debug|Any CPU
		{2059F11C-55A6-4E7D-BF26-169B8E29974E}.Debug|arm64.Build.0 = Debug|Any CPU
		{2059F11C-55A6-4E7D-BF26-169B8E29974E}.Debug|x86.ActiveCfg = Debug|Any CPU
		{2059F11C-55A6-4E7D-BF26-169B8E29974E}.Debug|x86.Build.0 = Debug|Any CPU
		{2059F11C-55A6-4E7D-BF26-169B8E29974E}.Lab.Debug|Any CPU.ActiveCfg = Debug|Any CPU
		{2059F11C-55A6-4E7D-BF26-169B8E29974E}.Lab.Debug|Any CPU.Build.0 = Debug|Any CPU
		{2059F11C-55A6-4E7D-BF26-169B8E29974E}.Lab.Debug|arm64.ActiveCfg = Debug|Any CPU
		{2059F11C-55A6-4E7D-BF26-169B8E29974E}.Lab.Debug|arm64.Build.0 = Debug|Any CPU
		{2059F11C-55A6-4E7D-BF26-169B8E29974E}.Lab.Debug|x86.ActiveCfg = Debug|Any CPU
		{2059F11C-55A6-4E7D-BF26-169B8E29974E}.Lab.Debug|x86.Build.0 = Debug|Any CPU
		{2059F11C-55A6-4E7D-BF26-169B8E29974E}.Lab.Release|Any CPU.ActiveCfg = Release|Any CPU
		{2059F11C-55A6-4E7D-BF26-169B8E29974E}.Lab.Release|Any CPU.Build.0 = Release|Any CPU
		{2059F11C-55A6-4E7D-BF26-169B8E29974E}.Lab.Release|arm64.ActiveCfg = Release|Any CPU
		{2059F11C-55A6-4E7D-BF26-169B8E29974E}.Lab.Release|arm64.Build.0 = Release|Any CPU
		{2059F11C-55A6-4E7D-BF26-169B8E29974E}.Lab.Release|x86.ActiveCfg = Release|Any CPU
		{2059F11C-55A6-4E7D-BF26-169B8E29974E}.Lab.Release|x86.Build.0 = Release|Any CPU
		{2059F11C-55A6-4E7D-BF26-169B8E29974E}.Release|Any CPU.ActiveCfg = Release|Any CPU
		{2059F11C-55A6-4E7D-BF26-169B8E29974E}.Release|Any CPU.Build.0 = Release|Any CPU
		{2059F11C-55A6-4E7D-BF26-169B8E29974E}.Release|arm64.ActiveCfg = Release|Any CPU
		{2059F11C-55A6-4E7D-BF26-169B8E29974E}.Release|arm64.Build.0 = Release|Any CPU
		{2059F11C-55A6-4E7D-BF26-169B8E29974E}.Release|x86.ActiveCfg = Release|Any CPU
		{2059F11C-55A6-4E7D-BF26-169B8E29974E}.Release|x86.Build.0 = Release|Any CPU
		{AC570F55-00B0-4064-BEAD-A047A2866E41}.Debug|Any CPU.ActiveCfg = Debug|Any CPU
		{AC570F55-00B0-4064-BEAD-A047A2866E41}.Debug|Any CPU.Build.0 = Debug|Any CPU
		{AC570F55-00B0-4064-BEAD-A047A2866E41}.Debug|arm64.ActiveCfg = Debug|Any CPU
		{AC570F55-00B0-4064-BEAD-A047A2866E41}.Debug|arm64.Build.0 = Debug|Any CPU
		{AC570F55-00B0-4064-BEAD-A047A2866E41}.Debug|x86.ActiveCfg = Debug|Any CPU
		{AC570F55-00B0-4064-BEAD-A047A2866E41}.Debug|x86.Build.0 = Debug|Any CPU
		{AC570F55-00B0-4064-BEAD-A047A2866E41}.Lab.Debug|Any CPU.ActiveCfg = Debug|Any CPU
		{AC570F55-00B0-4064-BEAD-A047A2866E41}.Lab.Debug|Any CPU.Build.0 = Debug|Any CPU
		{AC570F55-00B0-4064-BEAD-A047A2866E41}.Lab.Debug|arm64.ActiveCfg = Debug|Any CPU
		{AC570F55-00B0-4064-BEAD-A047A2866E41}.Lab.Debug|arm64.Build.0 = Debug|Any CPU
		{AC570F55-00B0-4064-BEAD-A047A2866E41}.Lab.Debug|x86.ActiveCfg = Debug|Any CPU
		{AC570F55-00B0-4064-BEAD-A047A2866E41}.Lab.Debug|x86.Build.0 = Debug|Any CPU
		{AC570F55-00B0-4064-BEAD-A047A2866E41}.Lab.Release|Any CPU.ActiveCfg = Release|Any CPU
		{AC570F55-00B0-4064-BEAD-A047A2866E41}.Lab.Release|Any CPU.Build.0 = Release|Any CPU
		{AC570F55-00B0-4064-BEAD-A047A2866E41}.Lab.Release|arm64.ActiveCfg = Release|Any CPU
		{AC570F55-00B0-4064-BEAD-A047A2866E41}.Lab.Release|arm64.Build.0 = Release|Any CPU
		{AC570F55-00B0-4064-BEAD-A047A2866E41}.Lab.Release|x86.ActiveCfg = Release|Any CPU
		{AC570F55-00B0-4064-BEAD-A047A2866E41}.Lab.Release|x86.Build.0 = Release|Any CPU
		{AC570F55-00B0-4064-BEAD-A047A2866E41}.Release|Any CPU.ActiveCfg = Release|Any CPU
		{AC570F55-00B0-4064-BEAD-A047A2866E41}.Release|Any CPU.Build.0 = Release|Any CPU
		{AC570F55-00B0-4064-BEAD-A047A2866E41}.Release|arm64.ActiveCfg = Release|Any CPU
		{AC570F55-00B0-4064-BEAD-A047A2866E41}.Release|arm64.Build.0 = Release|Any CPU
		{AC570F55-00B0-4064-BEAD-A047A2866E41}.Release|x86.ActiveCfg = Release|Any CPU
		{AC570F55-00B0-4064-BEAD-A047A2866E41}.Release|x86.Build.0 = Release|Any CPU
		{0D478200-6334-4213-A41C-7A560166A1FF}.Debug|Any CPU.ActiveCfg = Debug|Any CPU
		{0D478200-6334-4213-A41C-7A560166A1FF}.Debug|Any CPU.Build.0 = Debug|Any CPU
		{0D478200-6334-4213-A41C-7A560166A1FF}.Debug|arm64.ActiveCfg = Debug|Any CPU
		{0D478200-6334-4213-A41C-7A560166A1FF}.Debug|arm64.Build.0 = Debug|Any CPU
		{0D478200-6334-4213-A41C-7A560166A1FF}.Debug|x86.ActiveCfg = Debug|Any CPU
		{0D478200-6334-4213-A41C-7A560166A1FF}.Debug|x86.Build.0 = Debug|Any CPU
		{0D478200-6334-4213-A41C-7A560166A1FF}.Lab.Debug|Any CPU.ActiveCfg = Debug|Any CPU
		{0D478200-6334-4213-A41C-7A560166A1FF}.Lab.Debug|Any CPU.Build.0 = Debug|Any CPU
		{0D478200-6334-4213-A41C-7A560166A1FF}.Lab.Debug|arm64.ActiveCfg = Debug|Any CPU
		{0D478200-6334-4213-A41C-7A560166A1FF}.Lab.Debug|arm64.Build.0 = Debug|Any CPU
		{0D478200-6334-4213-A41C-7A560166A1FF}.Lab.Debug|x86.ActiveCfg = Debug|Any CPU
		{0D478200-6334-4213-A41C-7A560166A1FF}.Lab.Debug|x86.Build.0 = Debug|Any CPU
		{0D478200-6334-4213-A41C-7A560166A1FF}.Lab.Release|Any CPU.ActiveCfg = Release|Any CPU
		{0D478200-6334-4213-A41C-7A560166A1FF}.Lab.Release|Any CPU.Build.0 = Release|Any CPU
		{0D478200-6334-4213-A41C-7A560166A1FF}.Lab.Release|arm64.ActiveCfg = Release|Any CPU
		{0D478200-6334-4213-A41C-7A560166A1FF}.Lab.Release|arm64.Build.0 = Release|Any CPU
		{0D478200-6334-4213-A41C-7A560166A1FF}.Lab.Release|x86.ActiveCfg = Release|Any CPU
		{0D478200-6334-4213-A41C-7A560166A1FF}.Lab.Release|x86.Build.0 = Release|Any CPU
		{0D478200-6334-4213-A41C-7A560166A1FF}.Release|Any CPU.ActiveCfg = Release|Any CPU
		{0D478200-6334-4213-A41C-7A560166A1FF}.Release|Any CPU.Build.0 = Release|Any CPU
		{0D478200-6334-4213-A41C-7A560166A1FF}.Release|arm64.ActiveCfg = Release|Any CPU
		{0D478200-6334-4213-A41C-7A560166A1FF}.Release|arm64.Build.0 = Release|Any CPU
		{0D478200-6334-4213-A41C-7A560166A1FF}.Release|x86.ActiveCfg = Release|Any CPU
		{0D478200-6334-4213-A41C-7A560166A1FF}.Release|x86.Build.0 = Release|Any CPU
		{6B726236-57EA-4793-864E-35733918F013}.Debug|Any CPU.ActiveCfg = Debug|Any CPU
		{6B726236-57EA-4793-864E-35733918F013}.Debug|Any CPU.Build.0 = Debug|Any CPU
		{6B726236-57EA-4793-864E-35733918F013}.Debug|arm64.ActiveCfg = Debug|Any CPU
		{6B726236-57EA-4793-864E-35733918F013}.Debug|arm64.Build.0 = Debug|Any CPU
		{6B726236-57EA-4793-864E-35733918F013}.Debug|x86.ActiveCfg = Debug|Any CPU
		{6B726236-57EA-4793-864E-35733918F013}.Debug|x86.Build.0 = Debug|Any CPU
		{6B726236-57EA-4793-864E-35733918F013}.Lab.Debug|Any CPU.ActiveCfg = Debug|Any CPU
		{6B726236-57EA-4793-864E-35733918F013}.Lab.Debug|Any CPU.Build.0 = Debug|Any CPU
		{6B726236-57EA-4793-864E-35733918F013}.Lab.Debug|arm64.ActiveCfg = Debug|Any CPU
		{6B726236-57EA-4793-864E-35733918F013}.Lab.Debug|arm64.Build.0 = Debug|Any CPU
		{6B726236-57EA-4793-864E-35733918F013}.Lab.Debug|x86.ActiveCfg = Debug|Any CPU
		{6B726236-57EA-4793-864E-35733918F013}.Lab.Debug|x86.Build.0 = Debug|Any CPU
		{6B726236-57EA-4793-864E-35733918F013}.Lab.Release|Any CPU.ActiveCfg = Release|Any CPU
		{6B726236-57EA-4793-864E-35733918F013}.Lab.Release|Any CPU.Build.0 = Release|Any CPU
		{6B726236-57EA-4793-864E-35733918F013}.Lab.Release|arm64.ActiveCfg = Release|Any CPU
		{6B726236-57EA-4793-864E-35733918F013}.Lab.Release|arm64.Build.0 = Release|Any CPU
		{6B726236-57EA-4793-864E-35733918F013}.Lab.Release|x86.ActiveCfg = Release|Any CPU
		{6B726236-57EA-4793-864E-35733918F013}.Lab.Release|x86.Build.0 = Release|Any CPU
		{6B726236-57EA-4793-864E-35733918F013}.Release|Any CPU.ActiveCfg = Release|Any CPU
		{6B726236-57EA-4793-864E-35733918F013}.Release|Any CPU.Build.0 = Release|Any CPU
		{6B726236-57EA-4793-864E-35733918F013}.Release|arm64.ActiveCfg = Release|Any CPU
		{6B726236-57EA-4793-864E-35733918F013}.Release|arm64.Build.0 = Release|Any CPU
		{6B726236-57EA-4793-864E-35733918F013}.Release|x86.ActiveCfg = Release|Any CPU
		{6B726236-57EA-4793-864E-35733918F013}.Release|x86.Build.0 = Release|Any CPU
		{8C119D89-53CE-424A-A148-2B005C406EC9}.Debug|Any CPU.ActiveCfg = Debug|Any CPU
		{8C119D89-53CE-424A-A148-2B005C406EC9}.Debug|Any CPU.Build.0 = Debug|Any CPU
		{8C119D89-53CE-424A-A148-2B005C406EC9}.Debug|arm64.ActiveCfg = Debug|Any CPU
		{8C119D89-53CE-424A-A148-2B005C406EC9}.Debug|arm64.Build.0 = Debug|Any CPU
		{8C119D89-53CE-424A-A148-2B005C406EC9}.Debug|x86.ActiveCfg = Debug|Any CPU
		{8C119D89-53CE-424A-A148-2B005C406EC9}.Debug|x86.Build.0 = Debug|Any CPU
		{8C119D89-53CE-424A-A148-2B005C406EC9}.Lab.Debug|Any CPU.ActiveCfg = Debug|Any CPU
		{8C119D89-53CE-424A-A148-2B005C406EC9}.Lab.Debug|Any CPU.Build.0 = Debug|Any CPU
		{8C119D89-53CE-424A-A148-2B005C406EC9}.Lab.Debug|arm64.ActiveCfg = Debug|Any CPU
		{8C119D89-53CE-424A-A148-2B005C406EC9}.Lab.Debug|arm64.Build.0 = Debug|Any CPU
		{8C119D89-53CE-424A-A148-2B005C406EC9}.Lab.Debug|x86.ActiveCfg = Debug|Any CPU
		{8C119D89-53CE-424A-A148-2B005C406EC9}.Lab.Debug|x86.Build.0 = Debug|Any CPU
		{8C119D89-53CE-424A-A148-2B005C406EC9}.Lab.Release|Any CPU.ActiveCfg = Release|Any CPU
		{8C119D89-53CE-424A-A148-2B005C406EC9}.Lab.Release|Any CPU.Build.0 = Release|Any CPU
		{8C119D89-53CE-424A-A148-2B005C406EC9}.Lab.Release|arm64.ActiveCfg = Release|Any CPU
		{8C119D89-53CE-424A-A148-2B005C406EC9}.Lab.Release|arm64.Build.0 = Release|Any CPU
		{8C119D89-53CE-424A-A148-2B005C406EC9}.Lab.Release|x86.ActiveCfg = Release|Any CPU
		{8C119D89-53CE-424A-A148-2B005C406EC9}.Lab.Release|x86.Build.0 = Release|Any CPU
		{8C119D89-53CE-424A-A148-2B005C406EC9}.Release|Any CPU.ActiveCfg = Release|Any CPU
		{8C119D89-53CE-424A-A148-2B005C406EC9}.Release|Any CPU.Build.0 = Release|Any CPU
		{8C119D89-53CE-424A-A148-2B005C406EC9}.Release|arm64.ActiveCfg = Release|Any CPU
		{8C119D89-53CE-424A-A148-2B005C406EC9}.Release|arm64.Build.0 = Release|Any CPU
		{8C119D89-53CE-424A-A148-2B005C406EC9}.Release|x86.ActiveCfg = Release|Any CPU
		{8C119D89-53CE-424A-A148-2B005C406EC9}.Release|x86.Build.0 = Release|Any CPU
	EndGlobalSection
	GlobalSection(SolutionProperties) = preSolution
		HideSolutionNode = FALSE
	EndGlobalSection
	GlobalSection(NestedProjects) = preSolution
		{A05A5709-833E-48D8-894D-F7DA7260FAAA} = {4E14DD5C-1A5D-453B-91D2-4CAFF1F25285}
		{007460A4-AF7D-4AC0-AF26-11089F4C3FDB} = {126B5913-B1C7-4DD3-8000-BE8B35D58E88}
		{7CF6F543-4E45-4A1C-8DCD-4D8823339F4F} = {9DDB019E-2260-4D42-93FD-95C13EDDB725}
		{CB4277F6-C979-4486-AED2-F8C51AE13FE4} = {9DDB019E-2260-4D42-93FD-95C13EDDB725}
		{C324865F-05F7-4C7B-9110-95785E53287D} = {9DDB019E-2260-4D42-93FD-95C13EDDB725}
		{6161E467-42D5-42CF-9CB7-3577A2EFB6E1} = {9DDB019E-2260-4D42-93FD-95C13EDDB725}
		{93C9B5BC-E019-4E1E-BA35-58F03BCC9C00} = {0BF0D774-F4A0-45A4-B7F3-D94901F88CB3}
		{7F4372DA-70E2-48D0-BEE2-8043528428D0} = {B51C94EC-C90C-4200-9470-F9EC7BAA5DC9}
		{BC05D210-68CD-47D0-AE8C-0F3168D1BE73} = {B51C94EC-C90C-4200-9470-F9EC7BAA5DC9}
		{FDC95D92-5E1E-4BDF-AA35-181851FCE755} = {B51C94EC-C90C-4200-9470-F9EC7BAA5DC9}
		{3296C843-4852-4DBF-9DF9-247F60C0ACF2} = {0BF0D774-F4A0-45A4-B7F3-D94901F88CB3}
		{9FDB42F0-D3CF-4BA2-999D-020EB884CFB1} = {0BF0D774-F4A0-45A4-B7F3-D94901F88CB3}
		{6A803355-A7CF-4A26-A72B-B6BF65A37201} = {E4ED0965-8F87-447C-ACD5-477450534456}
		{2059F11C-55A6-4E7D-BF26-169B8E29974E} = {E4ED0965-8F87-447C-ACD5-477450534456}
		{0D478200-6334-4213-A41C-7A560166A1FF} = {4E14DD5C-1A5D-453B-91D2-4CAFF1F25285}
		{126B5913-B1C7-4DD3-8000-BE8B35D58E88} = {77558905-E5DC-4419-A551-012657A5976A}
		{4E14DD5C-1A5D-453B-91D2-4CAFF1F25285} = {77558905-E5DC-4419-A551-012657A5976A}
		{B51C94EC-C90C-4200-9470-F9EC7BAA5DC9} = {77558905-E5DC-4419-A551-012657A5976A}
	EndGlobalSection
	GlobalSection(ExtensibilityGlobals) = postSolution
		SolutionGuid = {9E4A8BB1-53E9-4A75-84DE-A9390478D31C}
	EndGlobalSection
	GlobalSection(SharedMSBuildProjectFiles) = preSolution
		TestProjects\SimpleTestProject.Shared\SimpleTestProject.Shared.vcxitems*{93c9b5bc-e019-4e1e-ba35-58f03bcc9c00}*SharedItemsImports = 4
		TestProjects\SimpleTestProject.Shared\SimpleTestProject.Shared.vcxitems*{9fdb42f0-d3cf-4ba2-999d-020eb884cfb1}*SharedItemsImports = 9
	EndGlobalSection
EndGlobal
