
Microsoft Visual Studio Solution File, Format Version 12.00
# Visual Studio Version 17
VisualStudioVersion = 17.5.33530.505
MinimumVisualStudioVersion = 10.0.40219.1
Project("{8BC9CEB8-8B4A-11D0-8D11-00A0C91BC942}") = "SimpleTestProject", "SimpleTestProject\SimpleTestProject.vcxproj", "{93C9B5BC-E019-4E1E-BA35-58F03BCC9C00}"
EndProject
Project("{9A19103F-16F7-4668-BE54-9A1E7A4F7556}") = "ConsoleApp2", "ConsoleApp2\ConsoleApp2.csproj", "{40635DAA-833E-4F87-AB99-1A901CD55A71}"
EndProject
Project("{8BC9CEB8-8B4A-11D0-8D11-00A0C91BC942}") = "SimpleTestProject.Shared", "SimpleTestProject.Shared\SimpleTestProject.Shared.vcxitems", "{9FDB42F0-D3CF-4BA2-999D-020EB884CFB1}"
EndProject
Global
	GlobalSection(SolutionConfigurationPlatforms) = preSolution
		Debug|Any CPU = Debug|Any CPU
		Debug|ARM = Debug|ARM
		Debug|ARM64 = Debug|ARM64
		Debug|x64 = Debug|x64
		Debug|x86 = Debug|x86
		Release|Any CPU = Release|Any CPU
		Release|ARM = Release|ARM
		Release|ARM64 = Release|ARM64
		Release|x64 = Release|x64
		Release|x86 = Release|x86
	EndGlobalSection
	GlobalSection(ProjectConfigurationPlatforms) = postSolution
		{93C9B5BC-E019-4E1E-BA35-58F03BCC9C00}.Debug|Any CPU.ActiveCfg = Debug|x64
		{93C9B5BC-E019-4E1E-BA35-58F03BCC9C00}.Debug|Any CPU.Build.0 = Debug|x64
		{93C9B5BC-E019-4E1E-BA35-58F03BCC9C00}.Debug|Any CPU.Deploy.0 = Debug|x64
		{93C9B5BC-E019-4E1E-BA35-58F03BCC9C00}.Debug|ARM.ActiveCfg = Debug|ARM
		{93C9B5BC-E019-4E1E-BA35-58F03BCC9C00}.Debug|ARM.Build.0 = Debug|ARM
		{93C9B5BC-E019-4E1E-BA35-58F03BCC9C00}.Debug|ARM.Deploy.0 = Debug|ARM
		{93C9B5BC-E019-4E1E-BA35-58F03BCC9C00}.Debug|ARM64.ActiveCfg = Debug|ARM64
		{93C9B5BC-E019-4E1E-BA35-58F03BCC9C00}.Debug|ARM64.Build.0 = Debug|ARM64
		{93C9B5BC-E019-4E1E-BA35-58F03BCC9C00}.Debug|ARM64.Deploy.0 = Debug|ARM64
		{93C9B5BC-E019-4E1E-BA35-58F03BCC9C00}.Debug|x64.ActiveCfg = Debug|x64
		{93C9B5BC-E019-4E1E-BA35-58F03BCC9C00}.Debug|x64.Build.0 = Debug|x64
		{93C9B5BC-E019-4E1E-BA35-58F03BCC9C00}.Debug|x64.Deploy.0 = Debug|x64
		{93C9B5BC-E019-4E1E-BA35-58F03BCC9C00}.Debug|x86.ActiveCfg = Debug|x86
		{93C9B5BC-E019-4E1E-BA35-58F03BCC9C00}.Debug|x86.Build.0 = Debug|x86
		{93C9B5BC-E019-4E1E-BA35-58F03BCC9C00}.Debug|x86.Deploy.0 = Debug|x86
		{93C9B5BC-E019-4E1E-BA35-58F03BCC9C00}.Release|Any CPU.ActiveCfg = Release|x64
		{93C9B5BC-E019-4E1E-BA35-58F03BCC9C00}.Release|Any CPU.Build.0 = Release|x64
		{93C9B5BC-E019-4E1E-BA35-58F03BCC9C00}.Release|Any CPU.Deploy.0 = Release|x64
		{93C9B5BC-E019-4E1E-BA35-58F03BCC9C00}.Release|ARM.ActiveCfg = Release|ARM
		{93C9B5BC-E019-4E1E-BA35-58F03BCC9C00}.Release|ARM.Build.0 = Release|ARM
		{93C9B5BC-E019-4E1E-BA35-58F03BCC9C00}.Release|ARM.Deploy.0 = Release|ARM
		{93C9B5BC-E019-4E1E-BA35-58F03BCC9C00}.Release|ARM64.ActiveCfg = Release|ARM64
		{93C9B5BC-E019-4E1E-BA35-58F03BCC9C00}.Release|ARM64.Build.0 = Release|ARM64
		{93C9B5BC-E019-4E1E-BA35-58F03BCC9C00}.Release|ARM64.Deploy.0 = Release|ARM64
		{93C9B5BC-E019-4E1E-BA35-58F03BCC9C00}.Release|x64.ActiveCfg = Release|x64
		{93C9B5BC-E019-4E1E-BA35-58F03BCC9C00}.Release|x64.Build.0 = Release|x64
		{93C9B5BC-E019-4E1E-BA35-58F03BCC9C00}.Release|x64.Deploy.0 = Release|x64
		{93C9B5BC-E019-4E1E-BA35-58F03BCC9C00}.Release|x86.ActiveCfg = Release|x86
		{93C9B5BC-E019-4E1E-BA35-58F03BCC9C00}.Release|x86.Build.0 = Release|x86
		{93C9B5BC-E019-4E1E-BA35-58F03BCC9C00}.Release|x86.Deploy.0 = Release|x86
		{40635DAA-833E-4F87-AB99-1A901CD55A71}.Debug|Any CPU.ActiveCfg = Debug|Any CPU
		{40635DAA-833E-4F87-AB99-1A901CD55A71}.Debug|Any CPU.Build.0 = Debug|Any CPU
		{40635DAA-833E-4F87-AB99-1A901CD55A71}.Debug|ARM.ActiveCfg = Debug|Any CPU
		{40635DAA-833E-4F87-AB99-1A901CD55A71}.Debug|ARM.Build.0 = Debug|Any CPU
		{40635DAA-833E-4F87-AB99-1A901CD55A71}.Debug|ARM64.ActiveCfg = Debug|Any CPU
		{40635DAA-833E-4F87-AB99-1A901CD55A71}.Debug|ARM64.Build.0 = Debug|Any CPU
		{40635DAA-833E-4F87-AB99-1A901CD55A71}.Debug|x64.ActiveCfg = Debug|Any CPU
		{40635DAA-833E-4F87-AB99-1A901CD55A71}.Debug|x64.Build.0 = Debug|Any CPU
		{40635DAA-833E-4F87-AB99-1A901CD55A71}.Debug|x86.ActiveCfg = Debug|Any CPU
		{40635DAA-833E-4F87-AB99-1A901CD55A71}.Debug|x86.Build.0 = Debug|Any CPU
		{40635DAA-833E-4F87-AB99-1A901CD55A71}.Release|Any CPU.ActiveCfg = Release|Any CPU
		{40635DAA-833E-4F87-AB99-1A901CD55A71}.Release|Any CPU.Build.0 = Release|Any CPU
		{40635DAA-833E-4F87-AB99-1A901CD55A71}.Release|ARM.ActiveCfg = Release|Any CPU
		{40635DAA-833E-4F87-AB99-1A901CD55A71}.Release|ARM.Build.0 = Release|Any CPU
		{40635DAA-833E-4F87-AB99-1A901CD55A71}.Release|ARM64.ActiveCfg = Release|Any CPU
		{40635DAA-833E-4F87-AB99-1A901CD55A71}.Release|ARM64.Build.0 = Release|Any CPU
		{40635DAA-833E-4F87-AB99-1A901CD55A71}.Release|x64.ActiveCfg = Release|Any CPU
		{40635DAA-833E-4F87-AB99-1A901CD55A71}.Release|x64.Build.0 = Release|Any CPU
		{40635DAA-833E-4F87-AB99-1A901CD55A71}.Release|x86.ActiveCfg = Release|Any CPU
		{40635DAA-833E-4F87-AB99-1A901CD55A71}.Release|x86.Build.0 = Release|Any CPU
	EndGlobalSection
	GlobalSection(SolutionProperties) = preSolution
		HideSolutionNode = FALSE
	EndGlobalSection
	GlobalSection(ExtensibilityGlobals) = postSolution
		SolutionGuid = {C939DBE8-F3A2-4941-AC66-75C805D55975}
	EndGlobalSection
	GlobalSection(SharedMSBuildProjectFiles) = preSolution
		SimpleTestProject.Shared\SimpleTestProject.Shared.vcxitems*{93c9b5bc-e019-4e1e-ba35-58f03bcc9c00}*SharedItemsImports = 4
		SimpleTestProject.Shared\SimpleTestProject.Shared.vcxitems*{9fdb42f0-d3cf-4ba2-999d-020eb884cfb1}*SharedItemsImports = 9
	EndGlobalSection
EndGlobal
